
Microsoft Visual Studio Solution File, Format Version 11.00
# Visual Studio 2010
Project("{FAE04EC0-301F-11D3-BF4B-00C04F79EFBC}") = "Spelling Game", "Assembly-CSharp.csproj", "{DF41A9A2-B04A-1A50-559D-9BE459ADF3E7}"
EndProject
Global
	GlobalSection(SolutionConfigurationPlatforms) = preSolution
		Debug|Any CPU = Debug|Any CPU
		Release|Any CPU = Release|Any CPU
	EndGlobalSection
	GlobalSection(ProjectConfigurationPlatforms) = postSolution
		{DF41A9A2-B04A-1A50-559D-9BE459ADF3E7}.Debug|Any CPU.ActiveCfg = Debug|Any CPU
		{DF41A9A2-B04A-1A50-559D-9BE459ADF3E7}.Debug|Any CPU.Build.0 = Debug|Any CPU
		{DF41A9A2-B04A-1A50-559D-9BE459ADF3E7}.Release|Any CPU.ActiveCfg = Release|Any CPU
		{DF41A9A2-B04A-1A50-559D-9BE459ADF3E7}.Release|Any CPU.Build.0 = Release|Any CPU
	EndGlobalSection
	GlobalSection(SolutionProperties) = preSolution
		HideSolutionNode = FALSE
	EndGlobalSection
	GlobalSection(MonoDevelopProperties) = preSolution
		StartupItem = Assembly-CSharp.csproj
	EndGlobalSection
EndGlobal
